
Microsoft Visual Studio Solution File, Format Version 12.00
# Visual Studio 14
VisualStudioVersion = 14.0.24720.0
MinimumVisualStudioVersion = 10.0.40219.1
Project("{FAE04EC0-301F-11D3-BF4B-00C04F79EFBC}") = "ConsoleApplication2", "ConsoleApplication2\ConsoleApplication2.csproj", "{3C39FA4A-5BBE-4D71-993F-35AA76C47029}"
EndProject
Project("{FAE04EC0-301F-11D3-BF4B-00C04F79EFBC}") = "UnitTestProject1", "UnitTestProject1\UnitTestProject1.csproj", "{D35A43B6-32E9-4C40-8AAB-1351B34E7C23}"
EndProject
Global
	GlobalSection(SolutionConfigurationPlatforms) = preSolution
		Debug|Any CPU = Debug|Any CPU
		Debug|ARM = Debug|ARM
		Debug|x64 = Debug|x64
		Debug|x86 = Debug|x86
		Release|Any CPU = Release|Any CPU
		Release|ARM = Release|ARM
		Release|x64 = Release|x64
		Release|x86 = Release|x86
	EndGlobalSection
	GlobalSection(ProjectConfigurationPlatforms) = postSolution
		{3C39FA4A-5BBE-4D71-993F-35AA76C47029}.Debug|Any CPU.ActiveCfg = Debug|Any CPU
		{3C39FA4A-5BBE-4D71-993F-35AA76C47029}.Debug|Any CPU.Build.0 = Debug|Any CPU
		{3C39FA4A-5BBE-4D71-993F-35AA76C47029}.Debug|ARM.ActiveCfg = Debug|Any CPU
		{3C39FA4A-5BBE-4D71-993F-35AA76C47029}.Debug|ARM.Build.0 = Debug|Any CPU
		{3C39FA4A-5BBE-4D71-993F-35AA76C47029}.Debug|x64.ActiveCfg = Debug|Any CPU
		{3C39FA4A-5BBE-4D71-993F-35AA76C47029}.Debug|x64.Build.0 = Debug|Any CPU
		{3C39FA4A-5BBE-4D71-993F-35AA76C47029}.Debug|x86.ActiveCfg = Debug|Any CPU
		{3C39FA4A-5BBE-4D71-993F-35AA76C47029}.Debug|x86.Build.0 = Debug|Any CPU
		{3C39FA4A-5BBE-4D71-993F-35AA76C47029}.Release|Any CPU.ActiveCfg = Release|Any CPU
		{3C39FA4A-5BBE-4D71-993F-35AA76C47029}.Release|Any CPU.Build.0 = Release|Any CPU
		{3C39FA4A-5BBE-4D71-993F-35AA76C47029}.Release|ARM.ActiveCfg = Release|Any CPU
		{3C39FA4A-5BBE-4D71-993F-35AA76C47029}.Release|ARM.Build.0 = Release|Any CPU
		{3C39FA4A-5BBE-4D71-993F-35AA76C47029}.Release|x64.ActiveCfg = Release|Any CPU
		{3C39FA4A-5BBE-4D71-993F-35AA76C47029}.Release|x64.Build.0 = Release|Any CPU
		{3C39FA4A-5BBE-4D71-993F-35AA76C47029}.Release|x86.ActiveCfg = Release|Any CPU
		{3C39FA4A-5BBE-4D71-993F-35AA76C47029}.Release|x86.Build.0 = Release|Any CPU
		{D35A43B6-32E9-4C40-8AAB-1351B34E7C23}.Debug|Any CPU.ActiveCfg = Debug|Any CPU
		{D35A43B6-32E9-4C40-8AAB-1351B34E7C23}.Debug|Any CPU.Build.0 = Debug|Any CPU
		{D35A43B6-32E9-4C40-8AAB-1351B34E7C23}.Debug|ARM.ActiveCfg = Debug|Any CPU
		{D35A43B6-32E9-4C40-8AAB-1351B34E7C23}.Debug|ARM.Build.0 = Debug|Any CPU
		{D35A43B6-32E9-4C40-8AAB-1351B34E7C23}.Debug|x64.ActiveCfg = Debug|Any CPU
		{D35A43B6-32E9-4C40-8AAB-1351B34E7C23}.Debug|x64.Build.0 = Debug|Any CPU
		{D35A43B6-32E9-4C40-8AAB-1351B34E7C23}.Debug|x86.ActiveCfg = Debug|Any CPU
		{D35A43B6-32E9-4C40-8AAB-1351B34E7C23}.Debug|x86.Build.0 = Debug|Any CPU
		{D35A43B6-32E9-4C40-8AAB-1351B34E7C23}.Release|Any CPU.ActiveCfg = Release|Any CPU
		{D35A43B6-32E9-4C40-8AAB-1351B34E7C23}.Release|Any CPU.Build.0 = Release|Any CPU
		{D35A43B6-32E9-4C40-8AAB-1351B34E7C23}.Release|ARM.ActiveCfg = Release|Any CPU
		{D35A43B6-32E9-4C40-8AAB-1351B34E7C23}.Release|ARM.Build.0 = Release|Any CPU
		{D35A43B6-32E9-4C40-8AAB-1351B34E7C23}.Release|x64.ActiveCfg = Release|Any CPU
		{D35A43B6-32E9-4C40-8AAB-1351B34E7C23}.Release|x64.Build.0 = Release|Any CPU
		{D35A43B6-32E9-4C40-8AAB-1351B34E7C23}.Release|x86.ActiveCfg = Release|Any CPU
		{D35A43B6-32E9-4C40-8AAB-1351B34E7C23}.Release|x86.Build.0 = Release|Any CPU
	EndGlobalSection
	GlobalSection(SolutionProperties) = preSolution
		HideSolutionNode = FALSE
	EndGlobalSection
EndGlobal
